<?xml version="1.0" encoding="UTF-8" standalone="yes" ?>
<CodeBlocks_project_file>
	<FileVersion major="1" minor="6" />
	<Project>
		<Option title="bankingManagement" />
		<Option makefile="makefile" />
		<Option pch_mode="2" />
		<Option compiler="gcc" />
		<Build>
			<Target title="Debug">
				<Option output="bin/Debug/bankingManagement" prefix_auto="1" extension_auto="1" />
				<Option object_output="obj/Debug/" />
				<Option type="1" />
				<Option compiler="gcc" />
				<Compiler>
					<Add option="-g" />
				</Compiler>
			</Target>
			<Target title="Release">
				<Option output="bin/Release/bankingManagement" prefix_auto="1" extension_auto="1" />
				<Option object_output="obj/Release/" />
				<Option type="1" />
				<Option compiler="gcc" />
				<Compiler>
					<Add option="-O2" />
				</Compiler>
				<Linker>
					<Add option="-s" />
				</Linker>
			</Target>
		</Build>
		<Compiler>
			<Add option="-Wall" />
			<Add option="-fexceptions" />
		</Compiler>
		<Unit filename="class.h" />
		<Unit filename="classFunc.cpp" />
		<Unit filename="delete.cpp" />
		<Unit filename="delete.h" />
		<Unit filename="main.cpp" />
		<Unit filename="main.h" />
		<Unit filename="makefile" />
		<Unit filename="new.cpp" />
		<Unit filename="new.h" />
		<Unit filename="search.cpp" />
		<Unit filename="search.h" />
		<Unit filename="title.h" />
		<Unit filename="update.cpp" />
		<Unit filename="update.h" />
		<Unit filename="view.cpp" />
		<Unit filename="view.h" />
		<Extensions>
			<code_completion />
			<envvars />
			<debugger />
		</Extensions>
	</Project>
</CodeBlocks_project_file>
